{
  "name": "playcanvas-application-update",
  "version": "1.0.0",
  "lockfileVersion": 2,
  "requires": true,
  "packages": {
    "": {
      "version": "1.0.0",
      "license": "ISC",
      "dependencies": {
        "playcanvas": "^1.48.0",
        "webgl-mock-threejs": "^0.0.1"
      }
    },
    "node_modules/playcanvas": {
      "version": "1.48.0",
      "resolved": "https://registry.npmjs.org/playcanvas/-/playcanvas-1.48.0.tgz",
      "integrity": "sha512-/30DCmnPLJBzI40tyMa4aCvaC03R+uUnzwhaUDOIfg2qJUbBTjwqgAh4tACv0YAoJSw3B3iJI9sVJE/SfvG9sQ=="
    },
    "node_modules/webgl-mock-threejs": {
      "version": "0.0.1",
      "resolved": "https://registry.npmjs.org/webgl-mock-threejs/-/webgl-mock-threejs-0.0.1.tgz",
      "integrity": "sha512-bi7mdwksWZRP6k0nCw/JkZg000oN5UG9CO/a46dtrVyERyj9yEedtJBXPrs+g+Q1QX81NSIA9CHmtuA2CkmYzQ=="
    }
  },
  "dependencies": {
    "playcanvas": {
      "version": "1.48.0",
      "resolved": "https://registry.npmjs.org/playcanvas/-/playcanvas-1.48.0.tgz",
      "integrity": "sha512-/30DCmnPLJBzI40tyMa4aCvaC03R+uUnzwhaUDOIfg2qJUbBTjwqgAh4tACv0YAoJSw3B3iJI9sVJE/SfvG9sQ=="
    },
    "webgl-mock-threejs": {
      "version": "0.0.1",
      "resolved": "https://registry.npmjs.org/webgl-mock-threejs/-/webgl-mock-threejs-0.0.1.tgz",
      "integrity": "sha512-bi7mdwksWZRP6k0nCw/JkZg000oN5UG9CO/a46dtrVyERyj9yEedtJBXPrs+g+Q1QX81NSIA9CHmtuA2CkmYzQ=="
    }
  }
}
